
Microsoft Visual Studio Solution File, Format Version 12.00
# Visual Studio Version 17
VisualStudioVersion = 17.3.32825.248
MinimumVisualStudioVersion = 10.0.40219.1
Project("{FAE04EC0-301F-11D3-BF4B-00C04F79EFBC}") = "HtmlProcessor", "HtmlProcessor.csproj", "{7F24881F-D1F4-4A07-8E6E-28599F79324C}"
EndProject
Global
	GlobalSection(SolutionConfigurationPlatforms) = preSolution
		Debug|Any CPU = Debug|Any CPU
		Release|Any CPU = Release|Any CPU
	EndGlobalSection
	GlobalSection(ProjectConfigurationPlatforms) = postSolution
		{7F24881F-D1F4-4A07-8E6E-28599F79324C}.Debug|Any CPU.ActiveCfg = Debug|Any CPU
		{7F24881F-D1F4-4A07-8E6E-28599F79324C}.Debug|Any CPU.Build.0 = Debug|Any CPU
		{7F24881F-D1F4-4A07-8E6E-28599F79324C}.Release|Any CPU.ActiveCfg = Release|Any CPU
		{7F24881F-D1F4-4A07-8E6E-28599F79324C}.Release|Any CPU.Build.0 = Release|Any CPU
	EndGlobalSection
	GlobalSection(SolutionProperties) = preSolution
		HideSolutionNode = FALSE
	EndGlobalSection
	GlobalSection(ExtensibilityGlobals) = postSolution
		SolutionGuid = {1FAF5AD5-8F1E-45A2-AE7E-4F53E9BD8AF7}
	EndGlobalSection
EndGlobal
